github.com/rabbitmq/amqp091-go v1.1.0 h1:qx8cGMJha71/5t31Z+LdPLdPrkj/BvD38cqC3Bi1pNI=
github.com/rabbitmq/amqp091-go v1.1.0/go.mod h1:ogQDLSOACsLPsIq0NpbtiifNZi2YOz0VTJ0kHRghqbM=
github.com/streadway/amqp v1.0.0 h1:kuuDrUJFZL1QYL9hUNuCxNObNzB0bV/ZG5jV3RWAQgo=
github.com/streadway/amqp v1.0.0/go.mod h1:AZpEONHx3DKn8O/DFsRAY58/XVQiIPMTMB1SddzLXVw=
